
Microsoft Visual Studio Solution File, Format Version 12.00
# Visual Studio Version 17
VisualStudioVersion = 17.5.002.0
MinimumVisualStudioVersion = 10.0.40219.1
Project("{9A19103F-16F7-4668-BE54-9A1E7A4F7556}") = "PackardJAllForOneWebApi", "PackardJAllForOneWebApi.csproj", "{BCC8E249-32B9-4DBD-8765-FBA4F0E05D11}"
EndProject
Global
	GlobalSection(SolutionConfigurationPlatforms) = preSolution
		Debug|Any CPU = Debug|Any CPU
		Release|Any CPU = Release|Any CPU
	EndGlobalSection
	GlobalSection(ProjectConfigurationPlatforms) = postSolution
		{BCC8E249-32B9-4DBD-8765-FBA4F0E05D11}.Debug|Any CPU.ActiveCfg = Debug|Any CPU
		{BCC8E249-32B9-4DBD-8765-FBA4F0E05D11}.Debug|Any CPU.Build.0 = Debug|Any CPU
		{BCC8E249-32B9-4DBD-8765-FBA4F0E05D11}.Release|Any CPU.ActiveCfg = Release|Any CPU
		{BCC8E249-32B9-4DBD-8765-FBA4F0E05D11}.Release|Any CPU.Build.0 = Release|Any CPU
	EndGlobalSection
	GlobalSection(SolutionProperties) = preSolution
		HideSolutionNode = FALSE
	EndGlobalSection
	GlobalSection(ExtensibilityGlobals) = postSolution
		SolutionGuid = {DC69F7E2-851B-4826-A159-FBD861734793}
	EndGlobalSection
EndGlobal
